// !$*UTF8*$!
{
	archiveVersion = 1;
	classes = {
	};
	objectVersion = 50;
	objects = {

/* Begin PBXBuildFile section */
		D8893530220415FD00602F58 /* AppDelegate.swift in Sources */ = {isa = PBXBuildFile; fileRef = D889352F220415FD00602F58 /* AppDelegate.swift */; };
		D8893532220415FD00602F58 /* ViewController.swift in Sources */ = {isa = PBXBuildFile; fileRef = D8893531220415FD00602F58 /* ViewController.swift */; };
		D8893535220415FD00602F58 /* Main.storyboard in Resources */ = {isa = PBXBuildFile; fileRef = D8893533220415FD00602F58 /* Main.storyboard */; };
		D8893537220415FF00602F58 /* Assets.xcassets in Resources */ = {isa = PBXBuildFile; fileRef = D8893536220415FF00602F58 /* Assets.xcassets */; };
		D889353A220415FF00602F58 /* LaunchScreen.storyboard in Resources */ = {isa = PBXBuildFile; fileRef = D8893538220415FF00602F58 /* LaunchScreen.storyboard */; };
		D8893545220415FF00602F58 /* NAmeTests.swift in Sources */ = {isa = PBXBuildFile; fileRef = D8893544220415FF00602F58 /* NAmeTests.swift */; };
/* End PBXBuildFile section */

/* Begin PBXContainerItemProxy section */
		D8893541220415FF00602F58 /* PBXContainerItemProxy */ = {
			isa = PBXContainerItemProxy;
			containerPortal = D8893524220415FD00602F58 /* Project object */;
			proxyType = 1;
			remoteGlobalIDString = D889352B220415FD00602F58;
			remoteInfo = NAme;
		};
/* End PBXContainerItemProxy section */

/* Begin PBXFileReference section */
		D889352C220415FD00602F58 /* NAme.app */ = {isa = PBXFileReference; explicitFileType = wrapper.application; includeInIndex = 0; path = NAme.app; sourceTree = BUILT_PRODUCTS_DIR; };
		D889352F220415FD00602F58 /* AppDelegate.swift */ = {isa = PBXFileReference; lastKnownFileType = sourcecode.swift; path = AppDelegate.swift; sourceTree = "<group>"; };
		D8893531220415FD00602F58 /* ViewController.swift */ = {isa = PBXFileReference; lastKnownFileType = sourcecode.swift; path = ViewController.swift; sourceTree = "<group>"; };
		D8893534220415FD00602F58 /* Base */ = {isa = PBXFileReference; lastKnownFileType = file.storyboard; name = Base; path = Base.lproj/Main.storyboard; sourceTree = "<group>"; };
		D8893536220415FF00602F58 /* Assets.xcassets */ = {isa = PBXFileReference; lastKnownFileType = folder.assetcatalog; path = Assets.xcassets; sourceTree = "<group>"; };
		D8893539220415FF00602F58 /* Base */ = {isa = PBXFileReference; lastKnownFileType = file.storyboard; name = Base; path = Base.lproj/LaunchScreen.storyboard; sourceTree = "<group>"; };
		D889353B220415FF00602F58 /* Info.plist */ = {isa = PBXFileReference; lastKnownFileType = text.plist.xml; path = Info.plist; sourceTree = "<group>"; };
		D8893540220415FF00602F58 /* NAmeTests.xctest */ = {isa = PBXFileReference; explicitFileType = wrapper.cfbundle; includeInIndex = 0; path = NAmeTests.xctest; sourceTree = BUILT_PRODUCTS_DIR; };
		D8893544220415FF00602F58 /* NAmeTests.swift */ = {isa = PBXFileReference; lastKnownFileType = sourcecode.swift; path = NAmeTests.swift; sourceTree = "<group>"; };
		D8893546220415FF00602F58 /* Info.plist */ = {isa = PBXFileReference; lastKnownFileType = text.plist.xml; path = Info.plist; sourceTree = "<group>"; };
/* End PBXFileReference section */

/* Begin PBXFrameworksBuildPhase section */
		D8893529220415FD00602F58 /* Frameworks */ = {
			isa = PBXFrameworksBuildPhase;
			buildActionMask = 2147483647;
			files = (
			);
			runOnlyForDeploymentPostprocessing = 0;
		};
		D889353D220415FF00602F58 /* Frameworks */ = {
			isa = PBXFrameworksBuildPhase;
			buildActionMask = 2147483647;
			files = (
			);
			runOnlyForDeploymentPostprocessing = 0;
		};
/* End PBXFrameworksBuildPhase section */

/* Begin PBXGroup section */
		D8893523220415FD00602F58 = {
			isa = PBXGroup;
			children = (
				D889352E220415FD00602F58 /* NAme */,
				D8893543220415FF00602F58 /* NAmeTests */,
				D889352D220415FD00602F58 /* Products */,
			);
			sourceTree = "<group>";
		};
		D889352D220415FD00602F58 /* Products */ = {
			isa = PBXGroup;
			children = (
				D889352C220415FD00602F58 /* NAme.app */,
				D8893540220415FF00602F58 /* NAmeTests.xctest */,
			);
			name = Products;
			sourceTree = "<group>";
		};
		D889352E220415FD00602F58 /* NAme */ = {
			isa = PBXGroup;
			children = (
				D889352F220415FD00602F58 /* AppDelegate.swift */,
				D8893531220415FD00602F58 /* ViewController.swift */,
				D8893533220415FD00602F58 /* Main.storyboard */,
				D8893536220415FF00602F58 /* Assets.xcassets */,
				D8893538220415FF00602F58 /* LaunchScreen.storyboard */,
				D889353B220415FF00602F58 /* Info.plist */,
			);
			path = NAme;
			sourceTree = "<group>";
		};
		D8893543220415FF00602F58 /* NAmeTests */ = {
			isa = PBXGroup;
			children = (
				D8893544220415FF00602F58 /* NAmeTests.swift */,
				D8893546220415FF00602F58 /* Info.plist */,
			);
			path = NAmeTests;
			sourceTree = "<group>";
		};
/* End PBXGroup section */

/* Begin PBXNativeTarget section */
		D889352B220415FD00602F58 /* NAme */ = {
			isa = PBXNativeTarget;
			buildConfigurationList = D8893549220415FF00602F58 /* Build configuration list for PBXNativeTarget "NAme" */;
			buildPhases = (
				D8893528220415FD00602F58 /* Sources */,
				D8893529220415FD00602F58 /* Frameworks */,
				D889352A220415FD00602F58 /* Resources */,
			);
			buildRules = (
			);
			dependencies = (
			);
			name = NAme;
			productName = NAme;
			productReference = D889352C220415FD00602F58 /* NAme.app */;
			productType = "com.apple.product-type.application";
		};
		D889353F220415FF00602F58 /* NAmeTests */ = {
			isa = PBXNativeTarget;
			buildConfigurationList = D889354C220415FF00602F58 /* Build configuration list for PBXNativeTarget "NAmeTests" */;
			buildPhases = (
				D889353C220415FF00602F58 /* Sources */,
				D889353D220415FF00602F58 /* Frameworks */,
				D889353E220415FF00602F58 /* Resources */,
			);
			buildRules = (
			);
			dependencies = (
				D8893542220415FF00602F58 /* PBXTargetDependency */,
			);
			name = NAmeTests;
			productName = NAmeTests;
			productReference = D8893540220415FF00602F58 /* NAmeTests.xctest */;
			productType = "com.apple.product-type.bundle.unit-test";
		};
/* End PBXNativeTarget section */

/* Begin PBXProject section */
		D8893524220415FD00602F58 /* Project object */ = {
			isa = PBXProject;
			attributes = {
				LastSwiftUpdateCheck = 0940;
				LastUpgradeCheck = 0940;
				ORGANIZATIONNAME = "Varun Kumar";
				TargetAttributes = {
					D889352B220415FD00602F58 = {
						CreatedOnToolsVersion = 9.4.1;
					};
					D889353F220415FF00602F58 = {
						CreatedOnToolsVersion = 9.4.1;
						TestTargetID = D889352B220415FD00602F58;
					};
				};
			};
			buildConfigurationList = D8893527220415FD00602F58 /* Build configuration list for PBXProject "NAme" */;
			compatibilityVersion = "Xcode 9.3";
			developmentRegion = en;
			hasScannedForEncodings = 0;
			knownRegions = (
				en,
				Base,
			);
			mainGroup = D8893523220415FD00602F58;
			productRefGroup = D889352D220415FD00602F58 /* Products */;
			projectDirPath = "";
			projectRoot = "";
			targets = (
				D889352B220415FD00602F58 /* NAme */,
				D889353F220415FF00602F58 /* NAmeTests */,
			);
		};
/* End PBXProject section */

/* Begin PBXResourcesBuildPhase section */
		D889352A220415FD00602F58 /* Resources */ = {
			isa = PBXResourcesBuildPhase;
			buildActionMask = 2147483647;
			files = (
				D889353A220415FF00602F58 /* LaunchScreen.storyboard in Resources */,
				D8893537220415FF00602F58 /* Assets.xcassets in Resources */,
				D8893535220415FD00602F58 /* Main.storyboard in Resources */,
			);
			runOnlyForDeploymentPostprocessing = 0;
		};
		D889353E220415FF00602F58 /* Resources */ = {
			isa = PBXResourcesBuildPhase;
			buildActionMask = 2147483647;
			files = (
			);
			runOnlyForDeploymentPostprocessing = 0;
		};
/* End PBXResourcesBuildPhase section */

/* Begin PBXSourcesBuildPhase section */
		D8893528220415FD00602F58 /* Sources */ = {
			isa = PBXSourcesBuildPhase;
			buildActionMask = 2147483647;
			files = (
				D8893532220415FD00602F58 /* ViewController.swift in Sources */,
				D8893530220415FD00602F58 /* AppDelegate.swift in Sources */,
			);
			runOnlyForDeploymentPostprocessing = 0;
		};
		D889353C220415FF00602F58 /* Sources */ = {
			isa = PBXSourcesBuildPhase;
			buildActionMask = 2147483647;
			files = (
				D8893545220415FF00602F58 /* NAmeTests.swift in Sources */,
			);
			runOnlyForDeploymentPostprocessing = 0;
		};
/* End PBXSourcesBuildPhase section */

/* Begin PBXTargetDependency section */
		D8893542220415FF00602F58 /* PBXTargetDependency */ = {
			isa = PBXTargetDependency;
			target = D889352B220415FD00602F58 /* NAme */;
			targetProxy = D8893541220415FF00602F58 /* PBXContainerItemProxy */;
		};
/* End PBXTargetDependency section */

/* Begin PBXVariantGroup section */
		D8893533220415FD00602F58 /* Main.storyboard */ = {
			isa = PBXVariantGroup;
			children = (
				D8893534220415FD00602F58 /* Base */,
			);
			name = Main.storyboard;
			sourceTree = "<group>";
		};
		D8893538220415FF00602F58 /* LaunchScreen.storyboard */ = {
			isa = PBXVariantGroup;
			children = (
				D8893539220415FF00602F58 /* Base */,
			);
			name = LaunchScreen.storyboard;
			sourceTree = "<group>";
		};
/* End PBXVariantGroup section */

/* Begin XCBuildConfiguration section */
		D8893547220415FF00602F58 /* Debug */ = {
			isa = XCBuildConfiguration;
			buildSettings = {
				ALWAYS_SEARCH_USER_PATHS = NO;
				CLANG_ANALYZER_NONNULL = YES;
				CLANG_ANALYZER_NUMBER_OBJECT_CONVERSION = YES_AGGRESSIVE;
				CLANG_CXX_LANGUAGE_STANDARD = "gnu++14";
				CLANG_CXX_LIBRARY = "libc++";
				CLANG_ENABLE_MODULES = YES;
				CLANG_ENABLE_OBJC_ARC = YES;
				CLANG_ENABLE_OBJC_WEAK = YES;
				CLANG_WARN_BLOCK_CAPTURE_AUTORELEASING = YES;
				CLANG_WARN_BOOL_CONVERSION = YES;
				CLANG_WARN_COMMA = YES;
				CLANG_WARN_CONSTANT_CONVERSION = YES;
				CLANG_WARN_DEPRECATED_OBJC_IMPLEMENTATIONS = YES;
				CLANG_WARN_DIRECT_OBJC_ISA_USAGE = YES_ERROR;
				CLANG_WARN_DOCUMENTATION_COMMENTS = YES;
				CLANG_WARN_EMPTY_BODY = YES;
				CLANG_WARN_ENUM_CONVERSION = YES;
				CLANG_WARN_INFINITE_RECURSION = YES;
				CLANG_WARN_INT_CONVERSION = YES;
				CLANG_WARN_NON_LITERAL_NULL_CONVERSION = YES;
				CLANG_WARN_OBJC_IMPLICIT_RETAIN_SELF = YES;
				CLANG_WARN_OBJC_LITERAL_CONVERSION = YES;
				CLANG_WARN_OBJC_ROOT_CLASS = YES_ERROR;
				CLANG_WARN_RANGE_LOOP_ANALYSIS = YES;
				CLANG_WARN_STRICT_PROTOTYPES = YES;
				CLANG_WARN_SUSPICIOUS_MOVE = YES;
				CLANG_WARN_UNGUARDED_AVAILABILITY = YES_AGGRESSIVE;
				CLANG_WARN_UNREACHABLE_CODE = YES;
				CLANG_WARN__DUPLICATE_METHOD_MATCH = YES;
				CODE_SIGN_IDENTITY = "iPhone Developer";
				COPY_PHASE_STRIP = NO;
				DEBUG_INFORMATION_FORMAT = dwarf;
				ENABLE_STRICT_OBJC_MSGSEND = YES;
				ENABLE_TESTABILITY = YES;
				GCC_C_LANGUAGE_STANDARD = gnu11;
				GCC_DYNAMIC_NO_PIC = NO;
				GCC_NO_COMMON_BLOCKS = YES;
				GCC_OPTIMIZATION_LEVEL = 0;
				GCC_PREPROCESSOR_DEFINITIONS = (
					"DEBUG=1",
					"$(inherited)",
				);
				GCC_WARN_64_TO_32_BIT_CONVERSION = YES;
				GCC_WARN_ABOUT_RETURN_TYPE = YES_ERROR;
				GCC_WARN_UNDECLARED_SELECTOR = YES;
				GCC_WARN_UNINITIALIZED_AUTOS = YES_AGGRESSIVE;
				GCC_WARN_UNUSED_FUNCTION = YES;
				GCC_WARN_UNUSED_VARIABLE = YES;
				IPHONEOS_DEPLOYMENT_TARGET = 11.4;
				MTL_ENABLE_DEBUG_INFO = YES;
				ONLY_ACTIVE_ARCH = YES;
				SDKROOT = iphoneos;
				SWIFT_ACTIVE_COMPILATION_CONDITIONS = DEBUG;
				SWIFT_OPTIMIZATION_LEVEL = "-Onone";
			};
			name = Debug;
		};
		D8893548220415FF00602F58 /* Release */ = {
			isa = XCBuildConfiguration;
			buildSettings = {
				ALWAYS_SEARCH_USER_PATHS = NO;
				CLANG_ANALYZER_NONNULL = YES;
				CLANG_ANALYZER_NUMBER_OBJECT_CONVERSION = YES_AGGRESSIVE;
				CLANG_CXX_LANGUAGE_STANDARD = "gnu++14";
				CLANG_CXX_LIBRARY = "libc++";
				CLANG_ENABLE_MODULES = YES;
				CLANG_ENABLE_OBJC_ARC = YES;
				CLANG_ENABLE_OBJC_WEAK = YES;
				CLANG_WARN_BLOCK_CAPTURE_AUTORELEASING = YES;
				CLANG_WARN_BOOL_CONVERSION = YES;
				CLANG_WARN_COMMA = YES;
				CLANG_WARN_CONSTANT_CONVERSION = YES;
				CLANG_WARN_DEPRECATED_OBJC_IMPLEMENTATIONS = YES;
				CLANG_WARN_DIRECT_OBJC_ISA_USAGE = YES_ERROR;
				CLANG_WARN_DOCUMENTATION_COMMENTS = YES;
				CLANG_WARN_EMPTY_BODY = YES;
				CLANG_WARN_ENUM_CONVERSION = YES;
				CLANG_WARN_INFINITE_RECURSION = YES;
				CLANG_WARN_INT_CONVERSION = YES;
				CLANG_WARN_NON_LITERAL_NULL_CONVERSION = YES;
				CLANG_WARN_OBJC_IMPLICIT_RETAIN_SELF = YES;
				CLANG_WARN_OBJC_LITERAL_CONVERSION = YES;
				CLANG_WARN_OBJC_ROOT_CLASS = YES_ERROR;
				CLANG_WARN_RANGE_LOOP_ANALYSIS = YES;
				CLANG_WARN_STRICT_PROTOTYPES = YES;
				CLANG_WARN_SUSPICIOUS_MOVE = YES;
				CLANG_WARN_UNGUARDED_AVAILABILITY = YES_AGGRESSIVE;
				CLANG_WARN_UNREACHABLE_CODE = YES;
				CLANG_WARN__DUPLICATE_METHOD_MATCH = YES;
				CODE_SIGN_IDENTITY = "iPhone Developer";
				COPY_PHASE_STRIP = NO;
				DEBUG_INFORMATION_FORMAT = "dwarf-with-dsym";
				ENABLE_NS_ASSERTIONS = NO;
				ENABLE_STRICT_OBJC_MSGSEND = YES;
				GCC_C_LANGUAGE_STANDARD = gnu11;
				GCC_NO_COMMON_BLOCKS = YES;
				GCC_WARN_64_TO_32_BIT_CONVERSION = YES;
				GCC_WARN_ABOUT_RETURN_TYPE = YES_ERROR;
				GCC_WARN_UNDECLARED_SELECTOR = YES;
				GCC_WARN_UNINITIALIZED_AUTOS = YES_AGGRESSIVE;
				GCC_WARN_UNUSED_FUNCTION = YES;
				GCC_WARN_UNUSED_VARIABLE = YES;
				IPHONEOS_DEPLOYMENT_TARGET = 11.4;
				MTL_ENABLE_DEBUG_INFO = NO;
				SDKROOT = iphoneos;
				SWIFT_COMPILATION_MODE = wholemodule;
				SWIFT_OPTIMIZATION_LEVEL = "-O";
				VALIDATE_PRODUCT = YES;
			};
			name = Release;
		};
		D889354A220415FF00602F58 /* Debug */ = {
			isa = XCBuildConfiguration;
			buildSettings = {
				ASSETCATALOG_COMPILER_APPICON_NAME = AppIcon;
				CODE_SIGN_STYLE = Automatic;
				INFOPLIST_FILE = NAme/Info.plist;
				LD_RUNPATH_SEARCH_PATHS = (
					"$(inherited)",
					"@executable_path/Frameworks",
				);
				PRODUCT_BUNDLE_IDENTIFIER = varunkumar.NAme;
				PRODUCT_NAME = "$(TARGET_NAME)";
				SWIFT_VERSION = 4.0;
				TARGETED_DEVICE_FAMILY = "1,2";
			};
			name = Debug;
		};
		D889354B220415FF00602F58 /* Release */ = {
			isa = XCBuildConfiguration;
			buildSettings = {
				ASSETCATALOG_COMPILER_APPICON_NAME = AppIcon;
				CODE_SIGN_STYLE = Automatic;
				INFOPLIST_FILE = NAme/Info.plist;
				LD_RUNPATH_SEARCH_PATHS = (
					"$(inherited)",
					"@executable_path/Frameworks",
				);
				PRODUCT_BUNDLE_IDENTIFIER = varunkumar.NAme;
				PRODUCT_NAME = "$(TARGET_NAME)";
				SWIFT_VERSION = 4.0;
				TARGETED_DEVICE_FAMILY = "1,2";
			};
			name = Release;
		};
		D889354D220415FF00602F58 /* Debug */ = {
			isa = XCBuildConfiguration;
			buildSettings = {
				ALWAYS_EMBED_SWIFT_STANDARD_LIBRARIES = YES;
				BUNDLE_LOADER = "$(TEST_HOST)";
				CODE_SIGN_STYLE = Automatic;
				INFOPLIST_FILE = NAmeTests/Info.plist;
				LD_RUNPATH_SEARCH_PATHS = (
					"$(inherited)",
					"@executable_path/Frameworks",
					"@loader_path/Frameworks",
				);
				PRODUCT_BUNDLE_IDENTIFIER = varunkumar.NAmeTests;
				PRODUCT_NAME = "$(TARGET_NAME)";
				SWIFT_VERSION = 4.0;
				TARGETED_DEVICE_FAMILY = "1,2";
				TEST_HOST = "$(BUILT_PRODUCTS_DIR)/NAme.app/NAme";
			};
			name = Debug;
		};
		D889354E220415FF00602F58 /* Release */ = {
			isa = XCBuildConfiguration;
			buildSettings = {
				ALWAYS_EMBED_SWIFT_STANDARD_LIBRARIES = YES;
				BUNDLE_LOADER = "$(TEST_HOST)";
				CODE_SIGN_STYLE = Automatic;
				INFOPLIST_FILE = NAmeTests/Info.plist;
				LD_RUNPATH_SEARCH_PATHS = (
					"$(inherited)",
					"@executable_path/Frameworks",
					"@loader_path/Frameworks",
				);
				PRODUCT_BUNDLE_IDENTIFIER = varunkumar.NAmeTests;
				PRODUCT_NAME = "$(TARGET_NAME)";
				SWIFT_VERSION = 4.0;
				TARGETED_DEVICE_FAMILY = "1,2";
				TEST_HOST = "$(BUILT_PRODUCTS_DIR)/NAme.app/NAme";
			};
			name = Release;
		};
/* End XCBuildConfiguration section */

/* Begin XCConfigurationList section */
		D8893527220415FD00602F58 /* Build configuration list for PBXProject "NAme" */ = {
			isa = XCConfigurationList;
			buildConfigurations = (
				D8893547220415FF00602F58 /* Debug */,
				D8893548220415FF00602F58 /* Release */,
			);
			defaultConfigurationIsVisible = 0;
			defaultConfigurationName = Release;
		};
		D8893549220415FF00602F58 /* Build configuration list for PBXNativeTarget "NAme" */ = {
			isa = XCConfigurationList;
			buildConfigurations = (
				D889354A220415FF00602F58 /* Debug */,
				D889354B220415FF00602F58 /* Release */,
			);
			defaultConfigurationIsVisible = 0;
			defaultConfigurationName = Release;
		};
		D889354C220415FF00602F58 /* Build configuration list for PBXNativeTarget "NAmeTests" */ = {
			isa = XCConfigurationList;
			buildConfigurations = (
				D889354D220415FF00602F58 /* Debug */,
				D889354E220415FF00602F58 /* Release */,
			);
			defaultConfigurationIsVisible = 0;
			defaultConfigurationName = Release;
		};
/* End XCConfigurationList section */
	};
	rootObject = D8893524220415FD00602F58 /* Project object */;
}
